
Microsoft Visual Studio Solution File, Format Version 12.00
# Visual Studio Version 17
VisualStudioVersion = 17.3.32929.385
MinimumVisualStudioVersion = 10.0.40219.1
Project("{F184B08F-C81C-45F6-A57F-5ABD9991F28F}") = "Test", "Test\Test.vbproj", "{47DF3827-EFFB-4CBA-87C0-D48B3516F78B}"
EndProject
Global
	GlobalSection(SolutionConfigurationPlatforms) = preSolution
		Debug|Any CPU = Debug|Any CPU
		Release|Any CPU = Release|Any CPU
	EndGlobalSection
	GlobalSection(ProjectConfigurationPlatforms) = postSolution
		{47DF3827-EFFB-4CBA-87C0-D48B3516F78B}.Debug|Any CPU.ActiveCfg = Debug|Any CPU
		{47DF3827-EFFB-4CBA-87C0-D48B3516F78B}.Debug|Any CPU.Build.0 = Debug|Any CPU
		{47DF3827-EFFB-4CBA-87C0-D48B3516F78B}.Release|Any CPU.ActiveCfg = Release|Any CPU
		{47DF3827-EFFB-4CBA-87C0-D48B3516F78B}.Release|Any CPU.Build.0 = Release|Any CPU
	EndGlobalSection
	GlobalSection(SolutionProperties) = preSolution
		HideSolutionNode = FALSE
	EndGlobalSection
	GlobalSection(ExtensibilityGlobals) = postSolution
		SolutionGuid = {6AA14627-0B10-4338-8253-D7B805BBFD7B}
	EndGlobalSection
EndGlobal
